PODS:
  - DiaryContent (0.1.0):
    - DiaryCoordinator
    - DiaryFoundation
  - DiaryCoordinator (0.1.0)
  - DiaryFoundation (0.1.0)

DEPENDENCIES:
  - DiaryContent (from `.`)
  - DiaryCoordinator (from `../DiaryCoordinator`)
  - DiaryFoundation (from `../DiaryFoundation`)

EXTERNAL SOURCES:
  DiaryContent:
    :path: "."
  DiaryCoordinator:
    :path: "../DiaryCoordinator"
  DiaryFoundation:
    :path: "../DiaryFoundation"

SPEC CHECKSUMS:
  DiaryContent: afd945994fcb2da010f5f3cb1c5e5280c083c411
  DiaryCoordinator: 337f9f408241fd22803ce6d207b136b1caf3758d
  DiaryFoundation: d5daa40e88c40783a37234b4ad677c39a23fa6bc

PODFILE CHECKSUM: 6c8c019128a0c40d4d77f9e537e7c161dd2aed17

COCOAPODS: 1.12.1
