PODS:
  - Authentication (0.1.0):
    - DiaryFoundation
  - DiaryFoundation (0.1.0)

DEPENDENCIES:
  - Authentication (from `.`)
  - DiaryFoundation (from `../DiaryFoundation`)

EXTERNAL SOURCES:
  Authentication:
    :path: "."
  DiaryFoundation:
    :path: "../DiaryFoundation"

SPEC CHECKSUMS:
  Authentication: 3c64503f1c1469c69b071f24c576357b84d90a1f
  DiaryFoundation: d5daa40e88c40783a37234b4ad677c39a23fa6bc

PODFILE CHECKSUM: ed6f0108620bc83be2afb74bb3b30a6ed2790523

COCOAPODS: 1.12.1
